{
  "requires": true,
  "lockfileVersion": 1,
  "dependencies": {
    "highlight.js": {
      "version": "9.15.9",
      "resolved": "https://registry.npmjs.org/highlight.js/-/highlight.js-9.15.9.tgz",
      "integrity": "sha512-M0zZvfLr5p0keDMCAhNBp03XJbKBxUx5AfyfufMdFMEP4N/Xj6dh0IqC75ys7BAzceR34NgcvXjupRVaHBPPVQ=="
    }
  }
}
